
Microsoft Visual Studio Solution File, Format Version 12.00
# Visual Studio 14
VisualStudioVersion = 14.0.25420.1
MinimumVisualStudioVersion = 10.0.40219.1
Project("{FAE04EC0-301F-11D3-BF4B-00C04F79EFBC}") = "BitBrain", "BitBrain\BitBrain\BitBrain.csproj", "{4995EBEC-B40E-4020-A73F-96CF2DFA3080}"
EndProject
Project("{FAE04EC0-301F-11D3-BF4B-00C04F79EFBC}") = "BitBrain.Droid", "BitBrain\BitBrain.Droid\BitBrain.Droid.csproj", "{C880E19F-9339-4C4D-872A-2C0FD6D029AA}"
EndProject
Project("{FAE04EC0-301F-11D3-BF4B-00C04F79EFBC}") = "BitBrain.iOS", "BitBrain\BitBrain.iOS\BitBrain.iOS.csproj", "{41CDF8D9-3996-461D-A56F-245965FA5AF8}"
EndProject
Project("{FAE04EC0-301F-11D3-BF4B-00C04F79EFBC}") = "BitBrain.WinPhone", "BitBrain\BitBrain.WinPhone\BitBrain.WinPhone.csproj", "{7ACC5F07-8961-4541-880A-9BC2FF75634B}"
EndProject
Global
	GlobalSection(SolutionConfigurationPlatforms) = preSolution
		Ad-Hoc|Any CPU = Ad-Hoc|Any CPU
		Ad-Hoc|ARM = Ad-Hoc|ARM
		Ad-Hoc|iPhone = Ad-Hoc|iPhone
		Ad-Hoc|iPhoneSimulator = Ad-Hoc|iPhoneSimulator
		Ad-Hoc|x64 = Ad-Hoc|x64
		Ad-Hoc|x86 = Ad-Hoc|x86
		AppStore|Any CPU = AppStore|Any CPU
		AppStore|ARM = AppStore|ARM
		AppStore|iPhone = AppStore|iPhone
		AppStore|iPhoneSimulator = AppStore|iPhoneSimulator
		AppStore|x64 = AppStore|x64
		AppStore|x86 = AppStore|x86
		Debug|Any CPU = Debug|Any CPU
		Debug|ARM = Debug|ARM
		Debug|iPhone = Debug|iPhone
		Debug|iPhoneSimulator = Debug|iPhoneSimulator
		Debug|x64 = Debug|x64
		Debug|x86 = Debug|x86
		Release|Any CPU = Release|Any CPU
		Release|ARM = Release|ARM
		Release|iPhone = Release|iPhone
		Release|iPhoneSimulator = Release|iPhoneSimulator
		Release|x64 = Release|x64
		Release|x86 = Release|x86
	EndGlobalSection
	GlobalSection(ProjectConfigurationPlatforms) = postSolution
		{4995EBEC-B40E-4020-A73F-96CF2DFA3080}.Ad-Hoc|Any CPU.ActiveCfg = Release|Any CPU
		{4995EBEC-B40E-4020-A73F-96CF2DFA3080}.Ad-Hoc|Any CPU.Build.0 = Release|Any CPU
		{4995EBEC-B40E-4020-A73F-96CF2DFA3080}.Ad-Hoc|ARM.ActiveCfg = Release|Any CPU
		{4995EBEC-B40E-4020-A73F-96CF2DFA3080}.Ad-Hoc|ARM.Build.0 = Release|Any CPU
		{4995EBEC-B40E-4020-A73F-96CF2DFA3080}.Ad-Hoc|iPhone.ActiveCfg = Release|Any CPU
		{4995EBEC-B40E-4020-A73F-96CF2DFA3080}.Ad-Hoc|iPhone.Build.0 = Release|Any CPU
		{4995EBEC-B40E-4020-A73F-96CF2DFA3080}.Ad-Hoc|iPhoneSimulator.ActiveCfg = Release|Any CPU
		{4995EBEC-B40E-4020-A73F-96CF2DFA3080}.Ad-Hoc|iPhoneSimulator.Build.0 = Release|Any CPU
		{4995EBEC-B40E-4020-A73F-96CF2DFA3080}.Ad-Hoc|x64.ActiveCfg = Release|Any CPU
		{4995EBEC-B40E-4020-A73F-96CF2DFA3080}.Ad-Hoc|x64.Build.0 = Release|Any CPU
		{4995EBEC-B40E-4020-A73F-96CF2DFA3080}.Ad-Hoc|x86.ActiveCfg = Release|Any CPU
		{4995EBEC-B40E-4020-A73F-96CF2DFA3080}.Ad-Hoc|x86.Build.0 = Release|Any CPU
		{4995EBEC-B40E-4020-A73F-96CF2DFA3080}.AppStore|Any CPU.ActiveCfg = Release|Any CPU
		{4995EBEC-B40E-4020-A73F-96CF2DFA3080}.AppStore|Any CPU.Build.0 = Release|Any CPU
		{4995EBEC-B40E-4020-A73F-96CF2DFA3080}.AppStore|ARM.ActiveCfg = Release|Any CPU
		{4995EBEC-B40E-4020-A73F-96CF2DFA3080}.AppStore|ARM.Build.0 = Release|Any CPU
		{4995EBEC-B40E-4020-A73F-96CF2DFA3080}.AppStore|iPhone.ActiveCfg = Release|Any CPU
		{4995EBEC-B40E-4020-A73F-96CF2DFA3080}.AppStore|iPhone.Build.0 = Release|Any CPU
		{4995EBEC-B40E-4020-A73F-96CF2DFA3080}.AppStore|iPhoneSimulator.ActiveCfg = Release|Any CPU
		{4995EBEC-B40E-4020-A73F-96CF2DFA3080}.AppStore|iPhoneSimulator.Build.0 = Release|Any CPU
		{4995EBEC-B40E-4020-A73F-96CF2DFA3080}.AppStore|x64.ActiveCfg = Release|Any CPU
		{4995EBEC-B40E-4020-A73F-96CF2DFA3080}.AppStore|x64.Build.0 = Release|Any CPU
		{4995EBEC-B40E-4020-A73F-96CF2DFA3080}.AppStore|x86.ActiveCfg = Release|Any CPU
		{4995EBEC-B40E-4020-A73F-96CF2DFA3080}.AppStore|x86.Build.0 = Release|Any CPU
		{4995EBEC-B40E-4020-A73F-96CF2DFA3080}.Debug|Any CPU.ActiveCfg = Debug|Any CPU
		{4995EBEC-B40E-4020-A73F-96CF2DFA3080}.Debug|Any CPU.Build.0 = Debug|Any CPU
		{4995EBEC-B40E-4020-A73F-96CF2DFA3080}.Debug|ARM.ActiveCfg = Debug|Any CPU
		{4995EBEC-B40E-4020-A73F-96CF2DFA3080}.Debug|ARM.Build.0 = Debug|Any CPU
		{4995EBEC-B40E-4020-A73F-96CF2DFA3080}.Debug|iPhone.ActiveCfg = Debug|Any CPU
		{4995EBEC-B40E-4020-A73F-96CF2DFA3080}.Debug|iPhone.Build.0 = Debug|Any CPU
		{4995EBEC-B40E-4020-A73F-96CF2DFA3080}.Debug|iPhoneSimulator.ActiveCfg = Debug|Any CPU
		{4995EBEC-B40E-4020-A73F-96CF2DFA3080}.Debug|iPhoneSimulator.Build.0 = Debug|Any CPU
		{4995EBEC-B40E-4020-A73F-96CF2DFA3080}.Debug|x64.ActiveCfg = Debug|Any CPU
		{4995EBEC-B40E-4020-A73F-96CF2DFA3080}.Debug|x64.Build.0 = Debug|Any CPU
		{4995EBEC-B40E-4020-A73F-96CF2DFA3080}.Debug|x86.ActiveCfg = Debug|Any CPU
		{4995EBEC-B40E-4020-A73F-96CF2DFA3080}.Debug|x86.Build.0 = Debug|Any CPU
		{4995EBEC-B40E-4020-A73F-96CF2DFA3080}.Release|Any CPU.ActiveCfg = Release|Any CPU
		{4995EBEC-B40E-4020-A73F-96CF2DFA3080}.Release|Any CPU.Build.0 = Release|Any CPU
		{4995EBEC-B40E-4020-A73F-96CF2DFA3080}.Release|ARM.ActiveCfg = Release|Any CPU
		{4995EBEC-B40E-4020-A73F-96CF2DFA3080}.Release|ARM.Build.0 = Release|Any CPU
		{4995EBEC-B40E-4020-A73F-96CF2DFA3080}.Release|iPhone.ActiveCfg = Release|Any CPU
		{4995EBEC-B40E-4020-A73F-96CF2DFA3080}.Release|iPhone.Build.0 = Release|Any CPU
		{4995EBEC-B40E-4020-A73F-96CF2DFA3080}.Release|iPhoneSimulator.ActiveCfg = Release|Any CPU
		{4995EBEC-B40E-4020-A73F-96CF2DFA3080}.Release|iPhoneSimulator.Build.0 = Release|Any CPU
		{4995EBEC-B40E-4020-A73F-96CF2DFA3080}.Release|x64.ActiveCfg = Release|Any CPU
		{4995EBEC-B40E-4020-A73F-96CF2DFA3080}.Release|x64.Build.0 = Release|Any CPU
		{4995EBEC-B40E-4020-A73F-96CF2DFA3080}.Release|x86.ActiveCfg = Release|Any CPU
		{4995EBEC-B40E-4020-A73F-96CF2DFA3080}.Release|x86.Build.0 = Release|Any CPU
		{C880E19F-9339-4C4D-872A-2C0FD6D029AA}.Ad-Hoc|Any CPU.ActiveCfg = Release|Any CPU
		{C880E19F-9339-4C4D-872A-2C0FD6D029AA}.Ad-Hoc|Any CPU.Build.0 = Release|Any CPU
		{C880E19F-9339-4C4D-872A-2C0FD6D029AA}.Ad-Hoc|Any CPU.Deploy.0 = Release|Any CPU
		{C880E19F-9339-4C4D-872A-2C0FD6D029AA}.Ad-Hoc|ARM.ActiveCfg = Release|Any CPU
		{C880E19F-9339-4C4D-872A-2C0FD6D029AA}.Ad-Hoc|ARM.Build.0 = Release|Any CPU
		{C880E19F-9339-4C4D-872A-2C0FD6D029AA}.Ad-Hoc|ARM.Deploy.0 = Release|Any CPU
		{C880E19F-9339-4C4D-872A-2C0FD6D029AA}.Ad-Hoc|iPhone.ActiveCfg = Release|Any CPU
		{C880E19F-9339-4C4D-872A-2C0FD6D029AA}.Ad-Hoc|iPhone.Build.0 = Release|Any CPU
		{C880E19F-9339-4C4D-872A-2C0FD6D029AA}.Ad-Hoc|iPhone.Deploy.0 = Release|Any CPU
		{C880E19F-9339-4C4D-872A-2C0FD6D029AA}.Ad-Hoc|iPhoneSimulator.ActiveCfg = Release|Any CPU
		{C880E19F-9339-4C4D-872A-2C0FD6D029AA}.Ad-Hoc|iPhoneSimulator.Build.0 = Release|Any CPU
		{C880E19F-9339-4C4D-872A-2C0FD6D029AA}.Ad-Hoc|iPhoneSimulator.Deploy.0 = Release|Any CPU
		{C880E19F-9339-4C4D-872A-2C0FD6D029AA}.Ad-Hoc|x64.ActiveCfg = Release|Any CPU
		{C880E19F-9339-4C4D-872A-2C0FD6D029AA}.Ad-Hoc|x64.Build.0 = Release|Any CPU
		{C880E19F-9339-4C4D-872A-2C0FD6D029AA}.Ad-Hoc|x64.Deploy.0 = Release|Any CPU
		{C880E19F-9339-4C4D-872A-2C0FD6D029AA}.Ad-Hoc|x86.ActiveCfg = Release|Any CPU
		{C880E19F-9339-4C4D-872A-2C0FD6D029AA}.Ad-Hoc|x86.Build.0 = Release|Any CPU
		{C880E19F-9339-4C4D-872A-2C0FD6D029AA}.Ad-Hoc|x86.Deploy.0 = Release|Any CPU
		{C880E19F-9339-4C4D-872A-2C0FD6D029AA}.AppStore|Any CPU.ActiveCfg = Release|Any CPU
		{C880E19F-9339-4C4D-872A-2C0FD6D029AA}.AppStore|Any CPU.Build.0 = Release|Any CPU
		{C880E19F-9339-4C4D-872A-2C0FD6D029AA}.AppStore|Any CPU.Deploy.0 = Release|Any CPU
		{C880E19F-9339-4C4D-872A-2C0FD6D029AA}.AppStore|ARM.ActiveCfg = Release|Any CPU
		{C880E19F-9339-4C4D-872A-2C0FD6D029AA}.AppStore|ARM.Build.0 = Release|Any CPU
		{C880E19F-9339-4C4D-872A-2C0FD6D029AA}.AppStore|ARM.Deploy.0 = Release|Any CPU
		{C880E19F-9339-4C4D-872A-2C0FD6D029AA}.AppStore|iPhone.ActiveCfg = Release|Any CPU
		{C880E19F-9339-4C4D-872A-2C0FD6D029AA}.AppStore|iPhone.Build.0 = Release|Any CPU
		{C880E19F-9339-4C4D-872A-2C0FD6D029AA}.AppStore|iPhone.Deploy.0 = Release|Any CPU
		{C880E19F-9339-4C4D-872A-2C0FD6D029AA}.AppStore|iPhoneSimulator.ActiveCfg = Release|Any CPU
		{C880E19F-9339-4C4D-872A-2C0FD6D029AA}.AppStore|iPhoneSimulator.Build.0 = Release|Any CPU
		{C880E19F-9339-4C4D-872A-2C0FD6D029AA}.AppStore|iPhoneSimulator.Deploy.0 = Release|Any CPU
		{C880E19F-9339-4C4D-872A-2C0FD6D029AA}.AppStore|x64.ActiveCfg = Release|Any CPU
		{C880E19F-9339-4C4D-872A-2C0FD6D029AA}.AppStore|x64.Build.0 = Release|Any CPU
		{C880E19F-9339-4C4D-872A-2C0FD6D029AA}.AppStore|x64.Deploy.0 = Release|Any CPU
		{C880E19F-9339-4C4D-872A-2C0FD6D029AA}.AppStore|x86.ActiveCfg = Release|Any CPU
		{C880E19F-9339-4C4D-872A-2C0FD6D029AA}.AppStore|x86.Build.0 = Release|Any CPU
		{C880E19F-9339-4C4D-872A-2C0FD6D029AA}.AppStore|x86.Deploy.0 = Release|Any CPU
		{C880E19F-9339-4C4D-872A-2C0FD6D029AA}.Debug|Any CPU.ActiveCfg = Debug|Any CPU
		{C880E19F-9339-4C4D-872A-2C0FD6D029AA}.Debug|Any CPU.Build.0 = Debug|Any CPU
		{C880E19F-9339-4C4D-872A-2C0FD6D029AA}.Debug|Any CPU.Deploy.0 = Debug|Any CPU
		{C880E19F-9339-4C4D-872A-2C0FD6D029AA}.Debug|ARM.ActiveCfg = Debug|Any CPU
		{C880E19F-9339-4C4D-872A-2C0FD6D029AA}.Debug|ARM.Build.0 = Debug|Any CPU
		{C880E19F-9339-4C4D-872A-2C0FD6D029AA}.Debug|ARM.Deploy.0 = Debug|Any CPU
		{C880E19F-9339-4C4D-872A-2C0FD6D029AA}.Debug|iPhone.ActiveCfg = Debug|Any CPU
		{C880E19F-9339-4C4D-872A-2C0FD6D029AA}.Debug|iPhone.Build.0 = Debug|Any CPU
		{C880E19F-9339-4C4D-872A-2C0FD6D029AA}.Debug|iPhone.Deploy.0 = Debug|Any CPU
		{C880E19F-9339-4C4D-872A-2C0FD6D029AA}.Debug|iPhoneSimulator.ActiveCfg = Debug|Any CPU
		{C880E19F-9339-4C4D-872A-2C0FD6D029AA}.Debug|iPhoneSimulator.Build.0 = Debug|Any CPU
		{C880E19F-9339-4C4D-872A-2C0FD6D029AA}.Debug|iPhoneSimulator.Deploy.0 = Debug|Any CPU
		{C880E19F-9339-4C4D-872A-2C0FD6D029AA}.Debug|x64.ActiveCfg = Debug|Any CPU
		{C880E19F-9339-4C4D-872A-2C0FD6D029AA}.Debug|x64.Build.0 = Debug|Any CPU
		{C880E19F-9339-4C4D-872A-2C0FD6D029AA}.Debug|x64.Deploy.0 = Debug|Any CPU
		{C880E19F-9339-4C4D-872A-2C0FD6D029AA}.Debug|x86.ActiveCfg = Debug|Any CPU
		{C880E19F-9339-4C4D-872A-2C0FD6D029AA}.Debug|x86.Build.0 = Debug|Any CPU
		{C880E19F-9339-4C4D-872A-2C0FD6D029AA}.Debug|x86.Deploy.0 = Debug|Any CPU
		{C880E19F-9339-4C4D-872A-2C0FD6D029AA}.Release|Any CPU.ActiveCfg = Release|Any CPU
		{C880E19F-9339-4C4D-872A-2C0FD6D029AA}.Release|Any CPU.Build.0 = Release|Any CPU
		{C880E19F-9339-4C4D-872A-2C0FD6D029AA}.Release|Any CPU.Deploy.0 = Release|Any CPU
		{C880E19F-9339-4C4D-872A-2C0FD6D029AA}.Release|ARM.ActiveCfg = Release|Any CPU
		{C880E19F-9339-4C4D-872A-2C0FD6D029AA}.Release|ARM.Build.0 = Release|Any CPU
		{C880E19F-9339-4C4D-872A-2C0FD6D029AA}.Release|ARM.Deploy.0 = Release|Any CPU
		{C880E19F-9339-4C4D-872A-2C0FD6D029AA}.Release|iPhone.ActiveCfg = Release|Any CPU
		{C880E19F-9339-4C4D-872A-2C0FD6D029AA}.Release|iPhone.Build.0 = Release|Any CPU
		{C880E19F-9339-4C4D-872A-2C0FD6D029AA}.Release|iPhone.Deploy.0 = Release|Any CPU
		{C880E19F-9339-4C4D-872A-2C0FD6D029AA}.Release|iPhoneSimulator.ActiveCfg = Release|Any CPU
		{C880E19F-9339-4C4D-872A-2C0FD6D029AA}.Release|iPhoneSimulator.Build.0 = Release|Any CPU
		{C880E19F-9339-4C4D-872A-2C0FD6D029AA}.Release|iPhoneSimulator.Deploy.0 = Release|Any CPU
		{C880E19F-9339-4C4D-872A-2C0FD6D029AA}.Release|x64.ActiveCfg = Release|Any CPU
		{C880E19F-9339-4C4D-872A-2C0FD6D029AA}.Release|x64.Build.0 = Release|Any CPU
		{C880E19F-9339-4C4D-872A-2C0FD6D029AA}.Release|x64.Deploy.0 = Release|Any CPU
		{C880E19F-9339-4C4D-872A-2C0FD6D029AA}.Release|x86.ActiveCfg = Release|Any CPU
		{C880E19F-9339-4C4D-872A-2C0FD6D029AA}.Release|x86.Build.0 = Release|Any CPU
		{C880E19F-9339-4C4D-872A-2C0FD6D029AA}.Release|x86.Deploy.0 = Release|Any CPU
		{41CDF8D9-3996-461D-A56F-245965FA5AF8}.Ad-Hoc|Any CPU.ActiveCfg = Ad-Hoc|iPhone
		{41CDF8D9-3996-461D-A56F-245965FA5AF8}.Ad-Hoc|ARM.ActiveCfg = Ad-Hoc|iPhone
		{41CDF8D9-3996-461D-A56F-245965FA5AF8}.Ad-Hoc|iPhone.ActiveCfg = Ad-Hoc|iPhone
		{41CDF8D9-3996-461D-A56F-245965FA5AF8}.Ad-Hoc|iPhone.Build.0 = Ad-Hoc|iPhone
		{41CDF8D9-3996-461D-A56F-245965FA5AF8}.Ad-Hoc|iPhoneSimulator.ActiveCfg = Ad-Hoc|iPhoneSimulator
		{41CDF8D9-3996-461D-A56F-245965FA5AF8}.Ad-Hoc|iPhoneSimulator.Build.0 = Ad-Hoc|iPhoneSimulator
		{41CDF8D9-3996-461D-A56F-245965FA5AF8}.Ad-Hoc|x64.ActiveCfg = Ad-Hoc|iPhone
		{41CDF8D9-3996-461D-A56F-245965FA5AF8}.Ad-Hoc|x86.ActiveCfg = Ad-Hoc|iPhone
		{41CDF8D9-3996-461D-A56F-245965FA5AF8}.AppStore|Any CPU.ActiveCfg = AppStore|iPhone
		{41CDF8D9-3996-461D-A56F-245965FA5AF8}.AppStore|ARM.ActiveCfg = AppStore|iPhone
		{41CDF8D9-3996-461D-A56F-245965FA5AF8}.AppStore|iPhone.ActiveCfg = AppStore|iPhone
		{41CDF8D9-3996-461D-A56F-245965FA5AF8}.AppStore|iPhone.Build.0 = AppStore|iPhone
		{41CDF8D9-3996-461D-A56F-245965FA5AF8}.AppStore|iPhoneSimulator.ActiveCfg = AppStore|iPhoneSimulator
		{41CDF8D9-3996-461D-A56F-245965FA5AF8}.AppStore|iPhoneSimulator.Build.0 = AppStore|iPhoneSimulator
		{41CDF8D9-3996-461D-A56F-245965FA5AF8}.AppStore|x64.ActiveCfg = AppStore|iPhone
		{41CDF8D9-3996-461D-A56F-245965FA5AF8}.AppStore|x86.ActiveCfg = AppStore|iPhone
		{41CDF8D9-3996-461D-A56F-245965FA5AF8}.Debug|Any CPU.ActiveCfg = Debug|iPhone
		{41CDF8D9-3996-461D-A56F-245965FA5AF8}.Debug|ARM.ActiveCfg = Debug|iPhone
		{41CDF8D9-3996-461D-A56F-245965FA5AF8}.Debug|iPhone.ActiveCfg = Debug|iPhone
		{41CDF8D9-3996-461D-A56F-245965FA5AF8}.Debug|iPhone.Build.0 = Debug|iPhone
		{41CDF8D9-3996-461D-A56F-245965FA5AF8}.Debug|iPhoneSimulator.ActiveCfg = Debug|iPhoneSimulator
		{41CDF8D9-3996-461D-A56F-245965FA5AF8}.Debug|iPhoneSimulator.Build.0 = Debug|iPhoneSimulator
		{41CDF8D9-3996-461D-A56F-245965FA5AF8}.Debug|x64.ActiveCfg = Debug|iPhone
		{41CDF8D9-3996-461D-A56F-245965FA5AF8}.Debug|x86.ActiveCfg = Debug|iPhone
		{41CDF8D9-3996-461D-A56F-245965FA5AF8}.Release|Any CPU.ActiveCfg = Release|iPhone
		{41CDF8D9-3996-461D-A56F-245965FA5AF8}.Release|ARM.ActiveCfg = Release|iPhone
		{41CDF8D9-3996-461D-A56F-245965FA5AF8}.Release|iPhone.ActiveCfg = Release|iPhone
		{41CDF8D9-3996-461D-A56F-245965FA5AF8}.Release|iPhone.Build.0 = Release|iPhone
		{41CDF8D9-3996-461D-A56F-245965FA5AF8}.Release|iPhoneSimulator.ActiveCfg = Release|iPhoneSimulator
		{41CDF8D9-3996-461D-A56F-245965FA5AF8}.Release|iPhoneSimulator.Build.0 = Release|iPhoneSimulator
		{41CDF8D9-3996-461D-A56F-245965FA5AF8}.Release|x64.ActiveCfg = Release|iPhone
		{41CDF8D9-3996-461D-A56F-245965FA5AF8}.Release|x86.ActiveCfg = Release|iPhone
		{7ACC5F07-8961-4541-880A-9BC2FF75634B}.Ad-Hoc|Any CPU.ActiveCfg = Release|Any CPU
		{7ACC5F07-8961-4541-880A-9BC2FF75634B}.Ad-Hoc|Any CPU.Build.0 = Release|Any CPU
		{7ACC5F07-8961-4541-880A-9BC2FF75634B}.Ad-Hoc|Any CPU.Deploy.0 = Release|Any CPU
		{7ACC5F07-8961-4541-880A-9BC2FF75634B}.Ad-Hoc|ARM.ActiveCfg = Release|ARM
		{7ACC5F07-8961-4541-880A-9BC2FF75634B}.Ad-Hoc|ARM.Build.0 = Release|ARM
		{7ACC5F07-8961-4541-880A-9BC2FF75634B}.Ad-Hoc|ARM.Deploy.0 = Release|ARM
		{7ACC5F07-8961-4541-880A-9BC2FF75634B}.Ad-Hoc|iPhone.ActiveCfg = Release|Any CPU
		{7ACC5F07-8961-4541-880A-9BC2FF75634B}.Ad-Hoc|iPhone.Build.0 = Release|Any CPU
		{7ACC5F07-8961-4541-880A-9BC2FF75634B}.Ad-Hoc|iPhone.Deploy.0 = Release|Any CPU
		{7ACC5F07-8961-4541-880A-9BC2FF75634B}.Ad-Hoc|iPhoneSimulator.ActiveCfg = Release|Any CPU
		{7ACC5F07-8961-4541-880A-9BC2FF75634B}.Ad-Hoc|iPhoneSimulator.Build.0 = Release|Any CPU
		{7ACC5F07-8961-4541-880A-9BC2FF75634B}.Ad-Hoc|iPhoneSimulator.Deploy.0 = Release|Any CPU
		{7ACC5F07-8961-4541-880A-9BC2FF75634B}.Ad-Hoc|x64.ActiveCfg = Release|Any CPU
		{7ACC5F07-8961-4541-880A-9BC2FF75634B}.Ad-Hoc|x64.Build.0 = Release|Any CPU
		{7ACC5F07-8961-4541-880A-9BC2FF75634B}.Ad-Hoc|x64.Deploy.0 = Release|Any CPU
		{7ACC5F07-8961-4541-880A-9BC2FF75634B}.Ad-Hoc|x86.ActiveCfg = Release|x86
		{7ACC5F07-8961-4541-880A-9BC2FF75634B}.Ad-Hoc|x86.Build.0 = Release|x86
		{7ACC5F07-8961-4541-880A-9BC2FF75634B}.Ad-Hoc|x86.Deploy.0 = Release|x86
		{7ACC5F07-8961-4541-880A-9BC2FF75634B}.AppStore|Any CPU.ActiveCfg = Release|Any CPU
		{7ACC5F07-8961-4541-880A-9BC2FF75634B}.AppStore|Any CPU.Build.0 = Release|Any CPU
		{7ACC5F07-8961-4541-880A-9BC2FF75634B}.AppStore|Any CPU.Deploy.0 = Release|Any CPU
		{7ACC5F07-8961-4541-880A-9BC2FF75634B}.AppStore|ARM.ActiveCfg = Release|ARM
		{7ACC5F07-8961-4541-880A-9BC2FF75634B}.AppStore|ARM.Build.0 = Release|ARM
		{7ACC5F07-8961-4541-880A-9BC2FF75634B}.AppStore|ARM.Deploy.0 = Release|ARM
		{7ACC5F07-8961-4541-880A-9BC2FF75634B}.AppStore|iPhone.ActiveCfg = Release|Any CPU
		{7ACC5F07-8961-4541-880A-9BC2FF75634B}.AppStore|iPhone.Build.0 = Release|Any CPU
		{7ACC5F07-8961-4541-880A-9BC2FF75634B}.AppStore|iPhone.Deploy.0 = Release|Any CPU
		{7ACC5F07-8961-4541-880A-9BC2FF75634B}.AppStore|iPhoneSimulator.ActiveCfg = Release|Any CPU
		{7ACC5F07-8961-4541-880A-9BC2FF75634B}.AppStore|iPhoneSimulator.Build.0 = Release|Any CPU
		{7ACC5F07-8961-4541-880A-9BC2FF75634B}.AppStore|iPhoneSimulator.Deploy.0 = Release|Any CPU
		{7ACC5F07-8961-4541-880A-9BC2FF75634B}.AppStore|x64.ActiveCfg = Release|Any CPU
		{7ACC5F07-8961-4541-880A-9BC2FF75634B}.AppStore|x64.Build.0 = Release|Any CPU
		{7ACC5F07-8961-4541-880A-9BC2FF75634B}.AppStore|x64.Deploy.0 = Release|Any CPU
		{7ACC5F07-8961-4541-880A-9BC2FF75634B}.AppStore|x86.ActiveCfg = Release|x86
		{7ACC5F07-8961-4541-880A-9BC2FF75634B}.AppStore|x86.Build.0 = Release|x86
		{7ACC5F07-8961-4541-880A-9BC2FF75634B}.AppStore|x86.Deploy.0 = Release|x86
		{7ACC5F07-8961-4541-880A-9BC2FF75634B}.Debug|Any CPU.ActiveCfg = Debug|Any CPU
		{7ACC5F07-8961-4541-880A-9BC2FF75634B}.Debug|Any CPU.Build.0 = Debug|Any CPU
		{7ACC5F07-8961-4541-880A-9BC2FF75634B}.Debug|Any CPU.Deploy.0 = Debug|Any CPU
		{7ACC5F07-8961-4541-880A-9BC2FF75634B}.Debug|ARM.ActiveCfg = Debug|ARM
		{7ACC5F07-8961-4541-880A-9BC2FF75634B}.Debug|ARM.Build.0 = Debug|ARM
		{7ACC5F07-8961-4541-880A-9BC2FF75634B}.Debug|ARM.Deploy.0 = Debug|ARM
		{7ACC5F07-8961-4541-880A-9BC2FF75634B}.Debug|iPhone.ActiveCfg = Debug|Any CPU
		{7ACC5F07-8961-4541-880A-9BC2FF75634B}.Debug|iPhone.Build.0 = Debug|Any CPU
		{7ACC5F07-8961-4541-880A-9BC2FF75634B}.Debug|iPhone.Deploy.0 = Debug|Any CPU
		{7ACC5F07-8961-4541-880A-9BC2FF75634B}.Debug|iPhoneSimulator.ActiveCfg = Debug|Any CPU
		{7ACC5F07-8961-4541-880A-9BC2FF75634B}.Debug|iPhoneSimulator.Build.0 = Debug|Any CPU
		{7ACC5F07-8961-4541-880A-9BC2FF75634B}.Debug|iPhoneSimulator.Deploy.0 = Debug|Any CPU
		{7ACC5F07-8961-4541-880A-9BC2FF75634B}.Debug|x64.ActiveCfg = Debug|Any CPU
		{7ACC5F07-8961-4541-880A-9BC2FF75634B}.Debug|x64.Build.0 = Debug|Any CPU
		{7ACC5F07-8961-4541-880A-9BC2FF75634B}.Debug|x64.Deploy.0 = Debug|Any CPU
		{7ACC5F07-8961-4541-880A-9BC2FF75634B}.Debug|x86.ActiveCfg = Debug|x86
		{7ACC5F07-8961-4541-880A-9BC2FF75634B}.Debug|x86.Build.0 = Debug|x86
		{7ACC5F07-8961-4541-880A-9BC2FF75634B}.Debug|x86.Deploy.0 = Debug|x86
		{7ACC5F07-8961-4541-880A-9BC2FF75634B}.Release|Any CPU.ActiveCfg = Release|Any CPU
		{7ACC5F07-8961-4541-880A-9BC2FF75634B}.Release|Any CPU.Build.0 = Release|Any CPU
		{7ACC5F07-8961-4541-880A-9BC2FF75634B}.Release|Any CPU.Deploy.0 = Release|Any CPU
		{7ACC5F07-8961-4541-880A-9BC2FF75634B}.Release|ARM.ActiveCfg = Release|ARM
		{7ACC5F07-8961-4541-880A-9BC2FF75634B}.Release|ARM.Build.0 = Release|ARM
		{7ACC5F07-8961-4541-880A-9BC2FF75634B}.Release|ARM.Deploy.0 = Release|ARM
		{7ACC5F07-8961-4541-880A-9BC2FF75634B}.Release|iPhone.ActiveCfg = Release|Any CPU
		{7ACC5F07-8961-4541-880A-9BC2FF75634B}.Release|iPhone.Build.0 = Release|Any CPU
		{7ACC5F07-8961-4541-880A-9BC2FF75634B}.Release|iPhone.Deploy.0 = Release|Any CPU
		{7ACC5F07-8961-4541-880A-9BC2FF75634B}.Release|iPhoneSimulator.ActiveCfg = Release|Any CPU
		{7ACC5F07-8961-4541-880A-9BC2FF75634B}.Release|iPhoneSimulator.Build.0 = Release|Any CPU
		{7ACC5F07-8961-4541-880A-9BC2FF75634B}.Release|iPhoneSimulator.Deploy.0 = Release|Any CPU
		{7ACC5F07-8961-4541-880A-9BC2FF75634B}.Release|x64.ActiveCfg = Release|Any CPU
		{7ACC5F07-8961-4541-880A-9BC2FF75634B}.Release|x64.Build.0 = Release|Any CPU
		{7ACC5F07-8961-4541-880A-9BC2FF75634B}.Release|x64.Deploy.0 = Release|Any CPU
		{7ACC5F07-8961-4541-880A-9BC2FF75634B}.Release|x86.ActiveCfg = Release|x86
		{7ACC5F07-8961-4541-880A-9BC2FF75634B}.Release|x86.Build.0 = Release|x86
		{7ACC5F07-8961-4541-880A-9BC2FF75634B}.Release|x86.Deploy.0 = Release|x86
	EndGlobalSection
	GlobalSection(SolutionProperties) = preSolution
		HideSolutionNode = FALSE
	EndGlobalSection
EndGlobal
